// !$*UTF8*$!
{
	archiveVersion = 1;
	classes = {
	};
	objectVersion = 56;
	objects = {

/* Begin PBXBuildFile section */
		6B4D10CB2C158E3E00B24A43 /* AppDelegate.swift in Sources */ = {isa = PBXBuildFile; fileRef = 6B4D10CA2C158E3E00B24A43 /* AppDelegate.swift */; };
		6B4D10CD2C158E3E00B24A43 /* SceneDelegate.swift in Sources */ = {isa = PBXBuildFile; fileRef = 6B4D10CC2C158E3E00B24A43 /* SceneDelegate.swift */; };
		6B4D10CF2C158E3E00B24A43 /* MainTabBarViewController.swift in Sources */ = {isa = PBXBuildFile; fileRef = 6B4D10CE2C158E3E00B24A43 /* MainTabBarViewController.swift */; };
		6B4D10D42C158E3F00B24A43 /* Assets.xcassets in Resources */ = {isa = PBXBuildFile; fileRef = 6B4D10D32C158E3F00B24A43 /* Assets.xcassets */; };
		6B4D10D72C158E3F00B24A43 /* Base in Resources */ = {isa = PBXBuildFile; fileRef = 6B4D10D62C158E3F00B24A43 /* Base */; };
		6B4D10E02C15931500B24A43 /* HomeViewController.swift in Sources */ = {isa = PBXBuildFile; fileRef = 6B4D10DF2C15931500B24A43 /* HomeViewController.swift */; };
		6B4D10E22C15932300B24A43 /* ComingSoonViewController.swift in Sources */ = {isa = PBXBuildFile; fileRef = 6B4D10E12C15932300B24A43 /* ComingSoonViewController.swift */; };
		6B4D10E42C15932B00B24A43 /* SearchViewController.swift in Sources */ = {isa = PBXBuildFile; fileRef = 6B4D10E32C15932B00B24A43 /* SearchViewController.swift */; };
		6B4D10E62C15935A00B24A43 /* DownloadsViewController.swift in Sources */ = {isa = PBXBuildFile; fileRef = 6B4D10E52C15935A00B24A43 /* DownloadsViewController.swift */; };
		6B4D10ED2C15B26000B24A43 /* CollectionViewTableViewCell.swift in Sources */ = {isa = PBXBuildFile; fileRef = 6B4D10EC2C15B26000B24A43 /* CollectionViewTableViewCell.swift */; };
		6B4D10EF2C15FEBF00B24A43 /* README.md in Resources */ = {isa = PBXBuildFile; fileRef = 6B4D10EE2C15FEBF00B24A43 /* README.md */; };
		6B4D10F32C1609E500B24A43 /* HomeHeaderUIView.swift in Sources */ = {isa = PBXBuildFile; fileRef = 6B4D10F22C1609E500B24A43 /* HomeHeaderUIView.swift */; };
		6B7FBDE12C172D8200AC66DF /* Title.swift in Sources */ = {isa = PBXBuildFile; fileRef = 6B7FBDE02C172D8200AC66DF /* Title.swift */; };
		6B7FBDE32C1733D000AC66DF /* Extensions.swift in Sources */ = {isa = PBXBuildFile; fileRef = 6B7FBDE22C1733D000AC66DF /* Extensions.swift */; };
		6B7FBDE92C1742DD00AC66DF /* TitleCollectionViewCell.swift in Sources */ = {isa = PBXBuildFile; fileRef = 6B7FBDE82C1742DD00AC66DF /* TitleCollectionViewCell.swift */; };
		6B7FBDEC2C17470A00AC66DF /* SDWebImage in Frameworks */ = {isa = PBXBuildFile; productRef = 6B7FBDEB2C17470A00AC66DF /* SDWebImage */; };
		6B7FBDEE2C17470A00AC66DF /* SDWebImageMapKit in Frameworks */ = {isa = PBXBuildFile; productRef = 6B7FBDED2C17470A00AC66DF /* SDWebImageMapKit */; };
		6BBA491C2C16F6490047D386 /* APICaller.swift in Sources */ = {isa = PBXBuildFile; fileRef = 6BBA491B2C16F6490047D386 /* APICaller.swift */; };
/* End PBXBuildFile section */

/* Begin PBXFileReference section */
		6B4D10C72C158E3E00B24A43 /* NTFXReplica.app */ = {isa = PBXFileReference; explicitFileType = wrapper.application; includeInIndex = 0; path = NTFXReplica.app; sourceTree = BUILT_PRODUCTS_DIR; };
		6B4D10CA2C158E3E00B24A43 /* AppDelegate.swift */ = {isa = PBXFileReference; lastKnownFileType = sourcecode.swift; path = AppDelegate.swift; sourceTree = "<group>"; };
		6B4D10CC2C158E3E00B24A43 /* SceneDelegate.swift */ = {isa = PBXFileReference; lastKnownFileType = sourcecode.swift; path = SceneDelegate.swift; sourceTree = "<group>"; };
		6B4D10CE2C158E3E00B24A43 /* MainTabBarViewController.swift */ = {isa = PBXFileReference; lastKnownFileType = sourcecode.swift; path = MainTabBarViewController.swift; sourceTree = "<group>"; };
		6B4D10D32C158E3F00B24A43 /* Assets.xcassets */ = {isa = PBXFileReference; lastKnownFileType = folder.assetcatalog; path = Assets.xcassets; sourceTree = "<group>"; };
		6B4D10D62C158E3F00B24A43 /* Base */ = {isa = PBXFileReference; lastKnownFileType = file.storyboard; name = Base; path = Base.lproj/LaunchScreen.storyboard; sourceTree = "<group>"; };
		6B4D10D82C158E3F00B24A43 /* Info.plist */ = {isa = PBXFileReference; lastKnownFileType = text.plist.xml; path = Info.plist; sourceTree = "<group>"; };
		6B4D10DF2C15931500B24A43 /* HomeViewController.swift */ = {isa = PBXFileReference; lastKnownFileType = sourcecode.swift; path = HomeViewController.swift; sourceTree = "<group>"; };
		6B4D10E12C15932300B24A43 /* ComingSoonViewController.swift */ = {isa = PBXFileReference; lastKnownFileType = sourcecode.swift; path = ComingSoonViewController.swift; sourceTree = "<group>"; };
		6B4D10E32C15932B00B24A43 /* SearchViewController.swift */ = {isa = PBXFileReference; lastKnownFileType = sourcecode.swift; path = SearchViewController.swift; sourceTree = "<group>"; };
		6B4D10E52C15935A00B24A43 /* DownloadsViewController.swift */ = {isa = PBXFileReference; lastKnownFileType = sourcecode.swift; path = DownloadsViewController.swift; sourceTree = "<group>"; };
		6B4D10EC2C15B26000B24A43 /* CollectionViewTableViewCell.swift */ = {isa = PBXFileReference; lastKnownFileType = sourcecode.swift; path = CollectionViewTableViewCell.swift; sourceTree = "<group>"; };
		6B4D10EE2C15FEBF00B24A43 /* README.md */ = {isa = PBXFileReference; fileEncoding = 4; lastKnownFileType = net.daringfireball.markdown; path = README.md; sourceTree = "<group>"; };
		6B4D10F22C1609E500B24A43 /* HomeHeaderUIView.swift */ = {isa = PBXFileReference; lastKnownFileType = sourcecode.swift; path = HomeHeaderUIView.swift; sourceTree = "<group>"; };
		6B7FBDE02C172D8200AC66DF /* Title.swift */ = {isa = PBXFileReference; lastKnownFileType = sourcecode.swift; name = Title.swift; path = NTFXReplica/Title.swift; sourceTree = SOURCE_ROOT; };
		6B7FBDE22C1733D000AC66DF /* Extensions.swift */ = {isa = PBXFileReference; lastKnownFileType = sourcecode.swift; path = Extensions.swift; sourceTree = "<group>"; };
		6B7FBDE82C1742DD00AC66DF /* TitleCollectionViewCell.swift */ = {isa = PBXFileReference; lastKnownFileType = sourcecode.swift; path = TitleCollectionViewCell.swift; sourceTree = "<group>"; };
		6BBA491B2C16F6490047D386 /* APICaller.swift */ = {isa = PBXFileReference; lastKnownFileType = sourcecode.swift; path = APICaller.swift; sourceTree = "<group>"; };
/* End PBXFileReference section */

/* Begin PBXFrameworksBuildPhase section */
		6B4D10C42C158E3E00B24A43 /* Frameworks */ = {
			isa = PBXFrameworksBuildPhase;
			buildActionMask = 2147483647;
			files = (
				6B7FBDEE2C17470A00AC66DF /* SDWebImageMapKit in Frameworks */,
				6B7FBDEC2C17470A00AC66DF /* SDWebImage in Frameworks */,
			);
			runOnlyForDeploymentPostprocessing = 0;
		};
/* End PBXFrameworksBuildPhase section */

/* Begin PBXGroup section */
		6B4D10BE2C158E3E00B24A43 = {
			isa = PBXGroup;
			children = (
				6B4D10EE2C15FEBF00B24A43 /* README.md */,
				6B4D10C92C158E3E00B24A43 /* NTFXReplica */,
				6B4D10C82C158E3E00B24A43 /* Products */,
			);
			sourceTree = "<group>";
		};
		6B4D10C82C158E3E00B24A43 /* Products */ = {
			isa = PBXGroup;
			children = (
				6B4D10C72C158E3E00B24A43 /* NTFXReplica.app */,
			);
			name = Products;
			sourceTree = "<group>";
		};
		6B4D10C92C158E3E00B24A43 /* NTFXReplica */ = {
			isa = PBXGroup;
			children = (
				6B4D10EB2C15B0A000B24A43 /* Managers */,
				6B4D10EA2C15B09A00B24A43 /* Resources */,
				6B4D10E92C15B04F00B24A43 /* Models */,
				6B4D10E82C15B04A00B24A43 /* Views */,
				6B4D10E72C15B03E00B24A43 /* ViewModels */,
				6B4D10DE2C1592F900B24A43 /* Controllers */,
				6B4D10CA2C158E3E00B24A43 /* AppDelegate.swift */,
				6B4D10CC2C158E3E00B24A43 /* SceneDelegate.swift */,
				6B4D10CE2C158E3E00B24A43 /* MainTabBarViewController.swift */,
				6B4D10D32C158E3F00B24A43 /* Assets.xcassets */,
				6B4D10D52C158E3F00B24A43 /* LaunchScreen.storyboard */,
				6B4D10D82C158E3F00B24A43 /* Info.plist */,
			);
			path = NTFXReplica;
			sourceTree = "<group>";
		};
		6B4D10DE2C1592F900B24A43 /* Controllers */ = {
			isa = PBXGroup;
			children = (
				6B4D10DF2C15931500B24A43 /* HomeViewController.swift */,
				6B4D10E12C15932300B24A43 /* ComingSoonViewController.swift */,
				6B4D10E32C15932B00B24A43 /* SearchViewController.swift */,
				6B4D10E52C15935A00B24A43 /* DownloadsViewController.swift */,
			);
			path = Controllers;
			sourceTree = "<group>";
		};
		6B4D10E72C15B03E00B24A43 /* ViewModels */ = {
			isa = PBXGroup;
			children = (
			);
			path = ViewModels;
			sourceTree = "<group>";
		};
		6B4D10E82C15B04A00B24A43 /* Views */ = {
			isa = PBXGroup;
			children = (
				6B4D10EC2C15B26000B24A43 /* CollectionViewTableViewCell.swift */,
				6B4D10F22C1609E500B24A43 /* HomeHeaderUIView.swift */,
				6B7FBDE82C1742DD00AC66DF /* TitleCollectionViewCell.swift */,
			);
			path = Views;
			sourceTree = "<group>";
		};
		6B4D10E92C15B04F00B24A43 /* Models */ = {
			isa = PBXGroup;
			children = (
				6B7FBDE02C172D8200AC66DF /* Title.swift */,
			);
			path = Models;
			sourceTree = "<group>";
		};
		6B4D10EA2C15B09A00B24A43 /* Resources */ = {
			isa = PBXGroup;
			children = (
				6B7FBDE22C1733D000AC66DF /* Extensions.swift */,
			);
			path = Resources;
			sourceTree = "<group>";
		};
		6B4D10EB2C15B0A000B24A43 /* Managers */ = {
			isa = PBXGroup;
			children = (
				6BBA491B2C16F6490047D386 /* APICaller.swift */,
			);
			path = Managers;
			sourceTree = "<group>";
		};
/* End PBXGroup section */

/* Begin PBXNativeTarget section */
		6B4D10C62C158E3E00B24A43 /* NTFXReplica */ = {
			isa = PBXNativeTarget;
			buildConfigurationList = 6B4D10DB2C158E3F00B24A43 /* Build configuration list for PBXNativeTarget "NTFXReplica" */;
			buildPhases = (
				6B4D10C32C158E3E00B24A43 /* Sources */,
				6B4D10C42C158E3E00B24A43 /* Frameworks */,
				6B4D10C52C158E3E00B24A43 /* Resources */,
			);
			buildRules = (
			);
			dependencies = (
			);
			name = NTFXReplica;
			packageProductDependencies = (
				6B7FBDEB2C17470A00AC66DF /* SDWebImage */,
				6B7FBDED2C17470A00AC66DF /* SDWebImageMapKit */,
			);
			productName = NTFXReplica;
			productReference = 6B4D10C72C158E3E00B24A43 /* NTFXReplica.app */;
			productType = "com.apple.product-type.application";
		};
/* End PBXNativeTarget section */

/* Begin PBXProject section */
		6B4D10BF2C158E3E00B24A43 /* Project object */ = {
			isa = PBXProject;
			attributes = {
				BuildIndependentTargetsInParallel = 1;
				LastSwiftUpdateCheck = 1540;
				LastUpgradeCheck = 1540;
				TargetAttributes = {
					6B4D10C62C158E3E00B24A43 = {
						CreatedOnToolsVersion = 15.4;
					};
				};
			};
			buildConfigurationList = 6B4D10C22C158E3E00B24A43 /* Build configuration list for PBXProject "NTFXReplica" */;
			compatibilityVersion = "Xcode 14.0";
			developmentRegion = en;
			hasScannedForEncodings = 0;
			knownRegions = (
				en,
				Base,
			);
			mainGroup = 6B4D10BE2C158E3E00B24A43;
			packageReferences = (
				6B7FBDEA2C17470A00AC66DF /* XCRemoteSwiftPackageReference "SDWebImage" */,
			);
			productRefGroup = 6B4D10C82C158E3E00B24A43 /* Products */;
			projectDirPath = "";
			projectRoot = "";
			targets = (
				6B4D10C62C158E3E00B24A43 /* NTFXReplica */,
			);
		};
/* End PBXProject section */

/* Begin PBXResourcesBuildPhase section */
		6B4D10C52C158E3E00B24A43 /* Resources */ = {
			isa = PBXResourcesBuildPhase;
			buildActionMask = 2147483647;
			files = (
				6B4D10EF2C15FEBF00B24A43 /* README.md in Resources */,
				6B4D10D42C158E3F00B24A43 /* Assets.xcassets in Resources */,
				6B4D10D72C158E3F00B24A43 /* Base in Resources */,
			);
			runOnlyForDeploymentPostprocessing = 0;
		};
/* End PBXResourcesBuildPhase section */

/* Begin PBXSourcesBuildPhase section */
		6B4D10C32C158E3E00B24A43 /* Sources */ = {
			isa = PBXSourcesBuildPhase;
			buildActionMask = 2147483647;
			files = (
				6B4D10E42C15932B00B24A43 /* SearchViewController.swift in Sources */,
				6B7FBDE92C1742DD00AC66DF /* TitleCollectionViewCell.swift in Sources */,
				6B4D10CF2C158E3E00B24A43 /* MainTabBarViewController.swift in Sources */,
				6B4D10ED2C15B26000B24A43 /* CollectionViewTableViewCell.swift in Sources */,
				6BBA491C2C16F6490047D386 /* APICaller.swift in Sources */,
				6B4D10CB2C158E3E00B24A43 /* AppDelegate.swift in Sources */,
				6B4D10E62C15935A00B24A43 /* DownloadsViewController.swift in Sources */,
				6B4D10CD2C158E3E00B24A43 /* SceneDelegate.swift in Sources */,
				6B7FBDE32C1733D000AC66DF /* Extensions.swift in Sources */,
				6B4D10E22C15932300B24A43 /* ComingSoonViewController.swift in Sources */,
				6B4D10E02C15931500B24A43 /* HomeViewController.swift in Sources */,
				6B7FBDE12C172D8200AC66DF /* Title.swift in Sources */,
				6B4D10F32C1609E500B24A43 /* HomeHeaderUIView.swift in Sources */,
			);
			runOnlyForDeploymentPostprocessing = 0;
		};
/* End PBXSourcesBuildPhase section */

/* Begin PBXVariantGroup section */
		6B4D10D52C158E3F00B24A43 /* LaunchScreen.storyboard */ = {
			isa = PBXVariantGroup;
			children = (
				6B4D10D62C158E3F00B24A43 /* Base */,
			);
			name = LaunchScreen.storyboard;
			sourceTree = "<group>";
		};
/* End PBXVariantGroup section */

/* Begin XCBuildConfiguration section */
		6B4D10D92C158E3F00B24A43 /* Debug */ = {
			isa = XCBuildConfiguration;
			buildSettings = {
				ALWAYS_SEARCH_USER_PATHS = NO;
				ASSETCATALOG_COMPILER_GENERATE_SWIFT_ASSET_SYMBOL_EXTENSIONS = YES;
				CLANG_ANALYZER_NONNULL = YES;
				CLANG_ANALYZER_NUMBER_OBJECT_CONVERSION = YES_AGGRESSIVE;
				CLANG_CXX_LANGUAGE_STANDARD = "gnu++20";
				CLANG_ENABLE_MODULES = YES;
				CLANG_ENABLE_OBJC_ARC = YES;
				CLANG_ENABLE_OBJC_WEAK = YES;
				CLANG_WARN_BLOCK_CAPTURE_AUTORELEASING = YES;
				CLANG_WARN_BOOL_CONVERSION = YES;
				CLANG_WARN_COMMA = YES;
				CLANG_WARN_CONSTANT_CONVERSION = YES;
				CLANG_WARN_DEPRECATED_OBJC_IMPLEMENTATIONS = YES;
				CLANG_WARN_DIRECT_OBJC_ISA_USAGE = YES_ERROR;
				CLANG_WARN_DOCUMENTATION_COMMENTS = YES;
				CLANG_WARN_EMPTY_BODY = YES;
				CLANG_WARN_ENUM_CONVERSION = YES;
				CLANG_WARN_INFINITE_RECURSION = YES;
				CLANG_WARN_INT_CONVERSION = YES;
				CLANG_WARN_NON_LITERAL_NULL_CONVERSION = YES;
				CLANG_WARN_OBJC_IMPLICIT_RETAIN_SELF = YES;
				CLANG_WARN_OBJC_LITERAL_CONVERSION = YES;
				CLANG_WARN_OBJC_ROOT_CLASS = YES_ERROR;
				CLANG_WARN_QUOTED_INCLUDE_IN_FRAMEWORK_HEADER = YES;
				CLANG_WARN_RANGE_LOOP_ANALYSIS = YES;
				CLANG_WARN_STRICT_PROTOTYPES = YES;
				CLANG_WARN_SUSPICIOUS_MOVE = YES;
				CLANG_WARN_UNGUARDED_AVAILABILITY = YES_AGGRESSIVE;
				CLANG_WARN_UNREACHABLE_CODE = YES;
				CLANG_WARN__DUPLICATE_METHOD_MATCH = YES;
				COPY_PHASE_STRIP = NO;
				DEBUG_INFORMATION_FORMAT = dwarf;
				ENABLE_STRICT_OBJC_MSGSEND = YES;
				ENABLE_TESTABILITY = YES;
				ENABLE_USER_SCRIPT_SANDBOXING = YES;
				GCC_C_LANGUAGE_STANDARD = gnu17;
				GCC_DYNAMIC_NO_PIC = NO;
				GCC_NO_COMMON_BLOCKS = YES;
				GCC_OPTIMIZATION_LEVEL = 0;
				GCC_PREPROCESSOR_DEFINITIONS = (
					"DEBUG=1",
					"$(inherited)",
				);
				GCC_WARN_64_TO_32_BIT_CONVERSION = YES;
				GCC_WARN_ABOUT_RETURN_TYPE = YES_ERROR;
				GCC_WARN_UNDECLARED_SELECTOR = YES;
				GCC_WARN_UNINITIALIZED_AUTOS = YES_AGGRESSIVE;
				GCC_WARN_UNUSED_FUNCTION = YES;
				GCC_WARN_UNUSED_VARIABLE = YES;
				IPHONEOS_DEPLOYMENT_TARGET = 17.5;
				LOCALIZATION_PREFERS_STRING_CATALOGS = YES;
				MTL_ENABLE_DEBUG_INFO = INCLUDE_SOURCE;
				MTL_FAST_MATH = YES;
				ONLY_ACTIVE_ARCH = YES;
				SDKROOT = iphoneos;
				SWIFT_ACTIVE_COMPILATION_CONDITIONS = "DEBUG $(inherited)";
				SWIFT_OPTIMIZATION_LEVEL = "-Onone";
			};
			name = Debug;
		};
		6B4D10DA2C158E3F00B24A43 /* Release */ = {
			isa = XCBuildConfiguration;
			buildSettings = {
				ALWAYS_SEARCH_USER_PATHS = NO;
				ASSETCATALOG_COMPILER_GENERATE_SWIFT_ASSET_SYMBOL_EXTENSIONS = YES;
				CLANG_ANALYZER_NONNULL = YES;
				CLANG_ANALYZER_NUMBER_OBJECT_CONVERSION = YES_AGGRESSIVE;
				CLANG_CXX_LANGUAGE_STANDARD = "gnu++20";
				CLANG_ENABLE_MODULES = YES;
				CLANG_ENABLE_OBJC_ARC = YES;
				CLANG_ENABLE_OBJC_WEAK = YES;
				CLANG_WARN_BLOCK_CAPTURE_AUTORELEASING = YES;
				CLANG_WARN_BOOL_CONVERSION = YES;
				CLANG_WARN_COMMA = YES;
				CLANG_WARN_CONSTANT_CONVERSION = YES;
				CLANG_WARN_DEPRECATED_OBJC_IMPLEMENTATIONS = YES;
				CLANG_WARN_DIRECT_OBJC_ISA_USAGE = YES_ERROR;
				CLANG_WARN_DOCUMENTATION_COMMENTS = YES;
				CLANG_WARN_EMPTY_BODY = YES;
				CLANG_WARN_ENUM_CONVERSION = YES;
				CLANG_WARN_INFINITE_RECURSION = YES;
				CLANG_WARN_INT_CONVERSION = YES;
				CLANG_WARN_NON_LITERAL_NULL_CONVERSION = YES;
				CLANG_WARN_OBJC_IMPLICIT_RETAIN_SELF = YES;
				CLANG_WARN_OBJC_LITERAL_CONVERSION = YES;
				CLANG_WARN_OBJC_ROOT_CLASS = YES_ERROR;
				CLANG_WARN_QUOTED_INCLUDE_IN_FRAMEWORK_HEADER = YES;
				CLANG_WARN_RANGE_LOOP_ANALYSIS = YES;
				CLANG_WARN_STRICT_PROTOTYPES = YES;
				CLANG_WARN_SUSPICIOUS_MOVE = YES;
				CLANG_WARN_UNGUARDED_AVAILABILITY = YES_AGGRESSIVE;
				CLANG_WARN_UNREACHABLE_CODE = YES;
				CLANG_WARN__DUPLICATE_METHOD_MATCH = YES;
				COPY_PHASE_STRIP = NO;
				DEBUG_INFORMATION_FORMAT = "dwarf-with-dsym";
				ENABLE_NS_ASSERTIONS = NO;
				ENABLE_STRICT_OBJC_MSGSEND = YES;
				ENABLE_USER_SCRIPT_SANDBOXING = YES;
				GCC_C_LANGUAGE_STANDARD = gnu17;
				GCC_NO_COMMON_BLOCKS = YES;
				GCC_WARN_64_TO_32_BIT_CONVERSION = YES;
				GCC_WARN_ABOUT_RETURN_TYPE = YES_ERROR;
				GCC_WARN_UNDECLARED_SELECTOR = YES;
				GCC_WARN_UNINITIALIZED_AUTOS = YES_AGGRESSIVE;
				GCC_WARN_UNUSED_FUNCTION = YES;
				GCC_WARN_UNUSED_VARIABLE = YES;
				IPHONEOS_DEPLOYMENT_TARGET = 17.5;
				LOCALIZATION_PREFERS_STRING_CATALOGS = YES;
				MTL_ENABLE_DEBUG_INFO = NO;
				MTL_FAST_MATH = YES;
				SDKROOT = iphoneos;
				SWIFT_COMPILATION_MODE = wholemodule;
				VALIDATE_PRODUCT = YES;
			};
			name = Release;
		};
		6B4D10DC2C158E3F00B24A43 /* Debug */ = {
			isa = XCBuildConfiguration;
			buildSettings = {
				ASSETCATALOG_COMPILER_APPICON_NAME = AppIcon;
				ASSETCATALOG_COMPILER_GLOBAL_ACCENT_COLOR_NAME = AccentColor;
				CODE_SIGN_STYLE = Automatic;
				CURRENT_PROJECT_VERSION = 1;
				DEVELOPMENT_TEAM = 3LU756Z7J5;
				GENERATE_INFOPLIST_FILE = YES;
				INFOPLIST_FILE = NTFXReplica/Info.plist;
				INFOPLIST_KEY_CFBundleDisplayName = NetflixUI;
				INFOPLIST_KEY_UIApplicationSupportsIndirectInputEvents = YES;
				INFOPLIST_KEY_UILaunchStoryboardName = LaunchScreen;
				INFOPLIST_KEY_UISupportedInterfaceOrientations_iPad = "UIInterfaceOrientationPortrait UIInterfaceOrientationPortraitUpsideDown UIInterfaceOrientationLandscapeLeft UIInterfaceOrientationLandscapeRight";
				INFOPLIST_KEY_UISupportedInterfaceOrientations_iPhone = "UIInterfaceOrientationPortrait UIInterfaceOrientationLandscapeLeft UIInterfaceOrientationLandscapeRight";
				LD_RUNPATH_SEARCH_PATHS = (
					"$(inherited)",
					"@executable_path/Frameworks",
				);
				MARKETING_VERSION = 1.0;
				PRODUCT_BUNDLE_IDENTIFIER = com.maziarlayeghkar.NTFXReplica;
				PRODUCT_NAME = "$(TARGET_NAME)";
				SWIFT_EMIT_LOC_STRINGS = YES;
				SWIFT_VERSION = 5.0;
				TARGETED_DEVICE_FAMILY = "1,2";
			};
			name = Debug;
		};
		6B4D10DD2C158E3F00B24A43 /* Release */ = {
			isa = XCBuildConfiguration;
			buildSettings = {
				ASSETCATALOG_COMPILER_APPICON_NAME = AppIcon;
				ASSETCATALOG_COMPILER_GLOBAL_ACCENT_COLOR_NAME = AccentColor;
				CODE_SIGN_STYLE = Automatic;
				CURRENT_PROJECT_VERSION = 1;
				DEVELOPMENT_TEAM = 3LU756Z7J5;
				GENERATE_INFOPLIST_FILE = YES;
				INFOPLIST_FILE = NTFXReplica/Info.plist;
				INFOPLIST_KEY_CFBundleDisplayName = NetflixUI;
				INFOPLIST_KEY_UIApplicationSupportsIndirectInputEvents = YES;
				INFOPLIST_KEY_UILaunchStoryboardName = LaunchScreen;
				INFOPLIST_KEY_UISupportedInterfaceOrientations_iPad = "UIInterfaceOrientationPortrait UIInterfaceOrientationPortraitUpsideDown UIInterfaceOrientationLandscapeLeft UIInterfaceOrientationLandscapeRight";
				INFOPLIST_KEY_UISupportedInterfaceOrientations_iPhone = "UIInterfaceOrientationPortrait UIInterfaceOrientationLandscapeLeft UIInterfaceOrientationLandscapeRight";
				LD_RUNPATH_SEARCH_PATHS = (
					"$(inherited)",
					"@executable_path/Frameworks",
				);
				MARKETING_VERSION = 1.0;
				PRODUCT_BUNDLE_IDENTIFIER = com.maziarlayeghkar.NTFXReplica;
				PRODUCT_NAME = "$(TARGET_NAME)";
				SWIFT_EMIT_LOC_STRINGS = YES;
				SWIFT_VERSION = 5.0;
				TARGETED_DEVICE_FAMILY = "1,2";
			};
			name = Release;
		};
/* End XCBuildConfiguration section */

/* Begin XCConfigurationList section */
		6B4D10C22C158E3E00B24A43 /* Build configuration list for PBXProject "NTFXReplica" */ = {
			isa = XCConfigurationList;
			buildConfigurations = (
				6B4D10D92C158E3F00B24A43 /* Debug */,
				6B4D10DA2C158E3F00B24A43 /* Release */,
			);
			defaultConfigurationIsVisible = 0;
			defaultConfigurationName = Release;
		};
		6B4D10DB2C158E3F00B24A43 /* Build configuration list for PBXNativeTarget "NTFXReplica" */ = {
			isa = XCConfigurationList;
			buildConfigurations = (
				6B4D10DC2C158E3F00B24A43 /* Debug */,
				6B4D10DD2C158E3F00B24A43 /* Release */,
			);
			defaultConfigurationIsVisible = 0;
			defaultConfigurationName = Release;
		};
/* End XCConfigurationList section */

/* Begin XCRemoteSwiftPackageReference section */
		6B7FBDEA2C17470A00AC66DF /* XCRemoteSwiftPackageReference "SDWebImage" */ = {
			isa = XCRemoteSwiftPackageReference;
			repositoryURL = "https://github.com/SDWebImage/SDWebImage.git";
			requirement = {
				kind = upToNextMajorVersion;
				minimumVersion = 5.19.3;
			};
		};
/* End XCRemoteSwiftPackageReference section */

/* Begin XCSwiftPackageProductDependency section */
		6B7FBDEB2C17470A00AC66DF /* SDWebImage */ = {
			isa = XCSwiftPackageProductDependency;
			package = 6B7FBDEA2C17470A00AC66DF /* XCRemoteSwiftPackageReference "SDWebImage" */;
			productName = SDWebImage;
		};
		6B7FBDED2C17470A00AC66DF /* SDWebImageMapKit */ = {
			isa = XCSwiftPackageProductDependency;
			package = 6B7FBDEA2C17470A00AC66DF /* XCRemoteSwiftPackageReference "SDWebImage" */;
			productName = SDWebImageMapKit;
		};
/* End XCSwiftPackageProductDependency section */
	};
	rootObject = 6B4D10BF2C158E3E00B24A43 /* Project object */;
}
